
Microsoft Visual Studio Solution File, Format Version 12.00
# Visual Studio Version 17
VisualStudioVersion = 17.7.34221.43
MinimumVisualStudioVersion = 10.0.40219.1
Project("{9A19103F-16F7-4668-BE54-9A1E7A4F7556}") = "CameraReview", "CameraReview.csproj", "{8EA7098D-DC32-436E-837E-D3ABF1023515}"
EndProject
Project("{FAE04EC0-301F-11D3-BF4B-00C04F79EFBC}") = "CameraReviewTestUnit", "..\CameraReviewTestUnit\CameraReviewTestUnit.csproj", "{BBD22A68-D305-4A26-B670-2C46D76AB106}"
EndProject
Global
	GlobalSection(SolutionConfigurationPlatforms) = preSolution
		Debug|Any CPU = Debug|Any CPU
		Release|Any CPU = Release|Any CPU
	EndGlobalSection
	GlobalSection(ProjectConfigurationPlatforms) = postSolution
		{8EA7098D-DC32-436E-837E-D3ABF1023515}.Debug|Any CPU.ActiveCfg = Debug|Any CPU
		{8EA7098D-DC32-436E-837E-D3ABF1023515}.Debug|Any CPU.Build.0 = Debug|Any CPU
		{8EA7098D-DC32-436E-837E-D3ABF1023515}.Release|Any CPU.ActiveCfg = Release|Any CPU
		{8EA7098D-DC32-436E-837E-D3ABF1023515}.Release|Any CPU.Build.0 = Release|Any CPU
		{BBD22A68-D305-4A26-B670-2C46D76AB106}.Debug|Any CPU.ActiveCfg = Debug|Any CPU
		{BBD22A68-D305-4A26-B670-2C46D76AB106}.Debug|Any CPU.Build.0 = Debug|Any CPU
		{BBD22A68-D305-4A26-B670-2C46D76AB106}.Release|Any CPU.ActiveCfg = Release|Any CPU
		{BBD22A68-D305-4A26-B670-2C46D76AB106}.Release|Any CPU.Build.0 = Release|Any CPU
	EndGlobalSection
	GlobalSection(SolutionProperties) = preSolution
		HideSolutionNode = FALSE
	EndGlobalSection
	GlobalSection(ExtensibilityGlobals) = postSolution
		SolutionGuid = {149009E0-5E23-4EB3-8A10-3246ED11D0AF}
	EndGlobalSection
EndGlobal
